
Microsoft Visual Studio Solution File, Format Version 12.00
# Visual Studio Version 16
VisualStudioVersion = 16.0.30413.136
MinimumVisualStudioVersion = 10.0.40219.1
Project("{FAE04EC0-301F-11D3-BF4B-00C04F79EFBC}") = "Employees.API", "Employees.API\Employees.API.csproj", "{DDF56724-5A23-47A6-93E3-BE50FD946DE2}"
EndProject
Project("{FAE04EC0-301F-11D3-BF4B-00C04F79EFBC}") = "Employees.Domain", "Employees.Domain\Employees.Domain.csproj", "{6F519BDA-B813-4F9D-9C41-C15143D6DDDF}"
EndProject
Project("{FAE04EC0-301F-11D3-BF4B-00C04F79EFBC}") = "Employees.Infrastructure", "Employees.Infrastructure\Employees.Infrastructure.csproj", "{3C5213CE-729C-491E-8A51-E7388655F07F}"
EndProject
Project("{FAE04EC0-301F-11D3-BF4B-00C04F79EFBC}") = "Employees.Services", "Employees.Services\Employees.Services.csproj", "{A0FB0B01-E5C5-452B-AFB8-36DA9410D500}"
EndProject
Project("{FAE04EC0-301F-11D3-BF4B-00C04F79EFBC}") = "Employees.Tests", "Employees.Tests\Employees.Tests.csproj", "{46332DEE-E03E-420E-8F91-4567E95E9320}"
EndProject
Global
	GlobalSection(SolutionConfigurationPlatforms) = preSolution
		Debug|Any CPU = Debug|Any CPU
		Release|Any CPU = Release|Any CPU
	EndGlobalSection
	GlobalSection(ProjectConfigurationPlatforms) = postSolution
		{DDF56724-5A23-47A6-93E3-BE50FD946DE2}.Debug|Any CPU.ActiveCfg = Debug|Any CPU
		{DDF56724-5A23-47A6-93E3-BE50FD946DE2}.Debug|Any CPU.Build.0 = Debug|Any CPU
		{DDF56724-5A23-47A6-93E3-BE50FD946DE2}.Release|Any CPU.ActiveCfg = Release|Any CPU
		{DDF56724-5A23-47A6-93E3-BE50FD946DE2}.Release|Any CPU.Build.0 = Release|Any CPU
		{6F519BDA-B813-4F9D-9C41-C15143D6DDDF}.Debug|Any CPU.ActiveCfg = Debug|Any CPU
		{6F519BDA-B813-4F9D-9C41-C15143D6DDDF}.Debug|Any CPU.Build.0 = Debug|Any CPU
		{6F519BDA-B813-4F9D-9C41-C15143D6DDDF}.Release|Any CPU.ActiveCfg = Release|Any CPU
		{6F519BDA-B813-4F9D-9C41-C15143D6DDDF}.Release|Any CPU.Build.0 = Release|Any CPU
		{3C5213CE-729C-491E-8A51-E7388655F07F}.Debug|Any CPU.ActiveCfg = Debug|Any CPU
		{3C5213CE-729C-491E-8A51-E7388655F07F}.Debug|Any CPU.Build.0 = Debug|Any CPU
		{3C5213CE-729C-491E-8A51-E7388655F07F}.Release|Any CPU.ActiveCfg = Release|Any CPU
		{3C5213CE-729C-491E-8A51-E7388655F07F}.Release|Any CPU.Build.0 = Release|Any CPU
		{A0FB0B01-E5C5-452B-AFB8-36DA9410D500}.Debug|Any CPU.ActiveCfg = Debug|Any CPU
		{A0FB0B01-E5C5-452B-AFB8-36DA9410D500}.Debug|Any CPU.Build.0 = Debug|Any CPU
		{A0FB0B01-E5C5-452B-AFB8-36DA9410D500}.Release|Any CPU.ActiveCfg = Release|Any CPU
		{A0FB0B01-E5C5-452B-AFB8-36DA9410D500}.Release|Any CPU.Build.0 = Release|Any CPU
		{46332DEE-E03E-420E-8F91-4567E95E9320}.Debug|Any CPU.ActiveCfg = Debug|Any CPU
		{46332DEE-E03E-420E-8F91-4567E95E9320}.Debug|Any CPU.Build.0 = Debug|Any CPU
		{46332DEE-E03E-420E-8F91-4567E95E9320}.Release|Any CPU.ActiveCfg = Release|Any CPU
		{46332DEE-E03E-420E-8F91-4567E95E9320}.Release|Any CPU.Build.0 = Release|Any CPU
	EndGlobalSection
	GlobalSection(SolutionProperties) = preSolution
		HideSolutionNode = FALSE
	EndGlobalSection
	GlobalSection(ExtensibilityGlobals) = postSolution
		SolutionGuid = {618B23D4-F951-4FD9-863C-1E8566254FAB}
	EndGlobalSection
EndGlobal
